
Microsoft Visual Studio Solution File, Format Version 12.00
# Visual Studio 15
VisualStudioVersion = 15.0.28307.572
MinimumVisualStudioVersion = 10.0.40219.1
Project("{FAE04EC0-301F-11D3-BF4B-00C04F79EFBC}") = "ConsoleApp6", "ConsoleApp6\ConsoleApp6.csproj", "{88C6EBFD-E95C-41D1-8891-82EF0884C0A4}"
EndProject
Global
	GlobalSection(SolutionConfigurationPlatforms) = preSolution
		Debug|Any CPU = Debug|Any CPU
		Release|Any CPU = Release|Any CPU
	EndGlobalSection
	GlobalSection(ProjectConfigurationPlatforms) = postSolution
		{88C6EBFD-E95C-41D1-8891-82EF0884C0A4}.Debug|Any CPU.ActiveCfg = Debug|Any CPU
		{88C6EBFD-E95C-41D1-8891-82EF0884C0A4}.Debug|Any CPU.Build.0 = Debug|Any CPU
		{88C6EBFD-E95C-41D1-8891-82EF0884C0A4}.Release|Any CPU.ActiveCfg = Release|Any CPU
		{88C6EBFD-E95C-41D1-8891-82EF0884C0A4}.Release|Any CPU.Build.0 = Release|Any CPU
	EndGlobalSection
	GlobalSection(SolutionProperties) = preSolution
		HideSolutionNode = FALSE
	EndGlobalSection
	GlobalSection(ExtensibilityGlobals) = postSolution
		SolutionGuid = {0E0E6DB0-3758-4881-9B85-CA42D9E014BF}
	EndGlobalSection
EndGlobal
